
Microsoft Visual Studio Solution File, Format Version 12.00
# Visual Studio Version 17
VisualStudioVersion = 17.10.35122.118
MinimumVisualStudioVersion = 10.0.40219.1
Project("{FAE04EC0-301F-11D3-BF4B-00C04F79EFBC}") = "MauiHangman", "MauiHangman\MauiHangman.csproj", "{7E816DBB-AD29-4368-85A6-59F386E9BEA9}"
EndProject
Global
	GlobalSection(SolutionConfigurationPlatforms) = preSolution
		Debug|Any CPU = Debug|Any CPU
		Release|Any CPU = Release|Any CPU
	EndGlobalSection
	GlobalSection(ProjectConfigurationPlatforms) = postSolution
		{7E816DBB-AD29-4368-85A6-59F386E9BEA9}.Debug|Any CPU.ActiveCfg = Debug|Any CPU
		{7E816DBB-AD29-4368-85A6-59F386E9BEA9}.Debug|Any CPU.Build.0 = Debug|Any CPU
		{7E816DBB-AD29-4368-85A6-59F386E9BEA9}.Debug|Any CPU.Deploy.0 = Debug|Any CPU
		{7E816DBB-AD29-4368-85A6-59F386E9BEA9}.Release|Any CPU.ActiveCfg = Release|Any CPU
		{7E816DBB-AD29-4368-85A6-59F386E9BEA9}.Release|Any CPU.Build.0 = Release|Any CPU
		{7E816DBB-AD29-4368-85A6-59F386E9BEA9}.Release|Any CPU.Deploy.0 = Release|Any CPU
	EndGlobalSection
	GlobalSection(SolutionProperties) = preSolution
		HideSolutionNode = FALSE
	EndGlobalSection
	GlobalSection(ExtensibilityGlobals) = postSolution
		SolutionGuid = {85C5A164-6EFA-4AEA-9561-B0ECEC7EA724}
	EndGlobalSection
EndGlobal
